{
  "name": "page",
  "version": "1.0.0",
  "lockfileVersion": 1,
  "requires": true,
  "dependencies": {
    "async-validator": {
      "version": "1.6.9",
      "resolved": "https://registry.npmjs.org/async-validator/-/async-validator-1.6.9.tgz",
      "integrity": "sha1-qDCdqouDQhzb1GKOAm1quyUZLTQ="
    },
    "babel-helper-vue-jsx-merge-props": {
      "version": "2.0.2",
      "resolved": "https://registry.npmjs.org/babel-helper-vue-jsx-merge-props/-/babel-helper-vue-jsx-merge-props-2.0.2.tgz",
      "integrity": "sha1-rOscNzWIJ54nVeoc/TXCI5T9M/g="
    },
    "deepmerge": {
      "version": "1.5.1",
      "resolved": "https://registry.npmjs.org/deepmerge/-/deepmerge-1.5.1.tgz",
      "integrity": "sha512-Ndl8eeOHB9dQkmT1HWCgY3t0odl4bmWKFzjQZBYAxVTNs2B3nn5b6orimRYHKZ4FI8psvZkA1INRCW6l7vc9lQ=="
    },
    "element-ui": {
      "version": "1.4.4",
      "resolved": "https://registry.npmjs.org/element-ui/-/element-ui-1.4.4.tgz",
      "integrity": "sha512-ScAmLecRLC3k7Q3CzGqx44WWRPR7kilu1cMZNpF0bAUPyjES04Nrww3hKGgUbCGlGmuHgSuOmd+PhXMxSQLJdQ==",
      "requires": {
        "async-validator": "1.6.9",
        "babel-helper-vue-jsx-merge-props": "2.0.2",
        "deepmerge": "1.5.1",
        "throttle-debounce": "1.0.1"
      }
    },
    "throttle-debounce": {
      "version": "1.0.1",
      "resolved": "https://registry.npmjs.org/throttle-debounce/-/throttle-debounce-1.0.1.tgz",
      "integrity": "sha1-2tD+Ew+drzcZ/eoz3Dao5rp/MLU="
    }
  }
}
